// !$*UTF8*$!
{
	archiveVersion = 1;
	classes = {
	};
	objectVersion = 50;
	objects = {

/* Begin PBXBuildFile section */
		F60B9B59258B668F00AAB167 /* SongDownloader.m in Sources */ = {isa = PBXBuildFile; fileRef = F60B9B58258B668F00AAB167 /* SongDownloader.m */; };
		F670C61325A549720068CA33 /* collectResult.json in Resources */ = {isa = PBXBuildFile; fileRef = F670C61225A549710068CA33 /* collectResult.json */; };
		F679205A25CC230B00C7CE9C /* UIGestureRecognizer+AixCategory.m in Sources */ = {isa = PBXBuildFile; fileRef = F679201825CC230A00C7CE9C /* UIGestureRecognizer+AixCategory.m */; };
		F679205B25CC230B00C7CE9C /* UINavigationController+AixCategory.m in Sources */ = {isa = PBXBuildFile; fileRef = F679201C25CC230A00C7CE9C /* UINavigationController+AixCategory.m */; };
		F679205C25CC230B00C7CE9C /* UILabel+AixCategory.m in Sources */ = {isa = PBXBuildFile; fileRef = F679201D25CC230A00C7CE9C /* UILabel+AixCategory.m */; };
		F679205D25CC230B00C7CE9C /* UIButton+AixCategory.m in Sources */ = {isa = PBXBuildFile; fileRef = F679201F25CC230A00C7CE9C /* UIButton+AixCategory.m */; };
		F679205E25CC230B00C7CE9C /* UIImage+AixCategory.m in Sources */ = {isa = PBXBuildFile; fileRef = F679202025CC230A00C7CE9C /* UIImage+AixCategory.m */; };
		F679205F25CC230B00C7CE9C /* UIBarButtonItem+AixCatrgory.m in Sources */ = {isa = PBXBuildFile; fileRef = F679202125CC230A00C7CE9C /* UIBarButtonItem+AixCatrgory.m */; };
		F679206025CC230B00C7CE9C /* UIColor+AixCategory.m in Sources */ = {isa = PBXBuildFile; fileRef = F679202225CC230A00C7CE9C /* UIColor+AixCategory.m */; };
		F679206125CC230B00C7CE9C /* UIActionSheet+AixCategory.m in Sources */ = {isa = PBXBuildFile; fileRef = F679202425CC230A00C7CE9C /* UIActionSheet+AixCategory.m */; };
		F679206225CC230B00C7CE9C /* UIControl+AixCategory.m in Sources */ = {isa = PBXBuildFile; fileRef = F679202825CC230A00C7CE9C /* UIControl+AixCategory.m */; };
		F679206325CC230B00C7CE9C /* UIWindow+AixCategory.m in Sources */ = {isa = PBXBuildFile; fileRef = F679202925CC230A00C7CE9C /* UIWindow+AixCategory.m */; };
		F679206425CC230B00C7CE9C /* UIDevice+AixCategory.m in Sources */ = {isa = PBXBuildFile; fileRef = F679202A25CC230A00C7CE9C /* UIDevice+AixCategory.m */; };
		F679206525CC230B00C7CE9C /* UIImageView+AixCategory.m in Sources */ = {isa = PBXBuildFile; fileRef = F679202E25CC230A00C7CE9C /* UIImageView+AixCategory.m */; };
		F679206625CC230B00C7CE9C /* UIView+AixCategory.m in Sources */ = {isa = PBXBuildFile; fileRef = F679203025CC230A00C7CE9C /* UIView+AixCategory.m */; };
		F679206725CC230B00C7CE9C /* UIApplication+AixCategory.m in Sources */ = {isa = PBXBuildFile; fileRef = F679203225CC230A00C7CE9C /* UIApplication+AixCategory.m */; };
		F679206825CC230B00C7CE9C /* UIViewController+AixCategory.m in Sources */ = {isa = PBXBuildFile; fileRef = F679203625CC230A00C7CE9C /* UIViewController+AixCategory.m */; };
		F679206925CC230B00C7CE9C /* AixButton.m in Sources */ = {isa = PBXBuildFile; fileRef = F679203725CC230A00C7CE9C /* AixButton.m */; };
		F679206A25CC230B00C7CE9C /* UIScrollView+AixCategory.m in Sources */ = {isa = PBXBuildFile; fileRef = F679203825CC230A00C7CE9C /* UIScrollView+AixCategory.m */; };
		F679206B25CC230B00C7CE9C /* NSBundle+AixCategory.m in Sources */ = {isa = PBXBuildFile; fileRef = F679203B25CC230A00C7CE9C /* NSBundle+AixCategory.m */; };
		F679206C25CC230B00C7CE9C /* NSMutableDictionary+AixCategory.m in Sources */ = {isa = PBXBuildFile; fileRef = F679203D25CC230A00C7CE9C /* NSMutableDictionary+AixCategory.m */; };
		F679206D25CC230B00C7CE9C /* NSData+AixCategory.m in Sources */ = {isa = PBXBuildFile; fileRef = F679204025CC230A00C7CE9C /* NSData+AixCategory.m */; };
		F679206E25CC230B00C7CE9C /* NSDate+AixCategory.m in Sources */ = {isa = PBXBuildFile; fileRef = F679204125CC230A00C7CE9C /* NSDate+AixCategory.m */; };
		F679206F25CC230B00C7CE9C /* NSNumber+AixCategory.m in Sources */ = {isa = PBXBuildFile; fileRef = F679204525CC230A00C7CE9C /* NSNumber+AixCategory.m */; };
		F679207025CC230B00C7CE9C /* NSMutableArray+AixCategory.m in Sources */ = {isa = PBXBuildFile; fileRef = F679204725CC230A00C7CE9C /* NSMutableArray+AixCategory.m */; };
		F679207125CC230B00C7CE9C /* NSDictionary+AixCategory.m in Sources */ = {isa = PBXBuildFile; fileRef = F679204825CC230A00C7CE9C /* NSDictionary+AixCategory.m */; };
		F679207225CC230B00C7CE9C /* NSArray+AixCategory.m in Sources */ = {isa = PBXBuildFile; fileRef = F679204B25CC230A00C7CE9C /* NSArray+AixCategory.m */; };
		F679207325CC230B00C7CE9C /* NSString+AixCategory.m in Sources */ = {isa = PBXBuildFile; fileRef = F679204C25CC230A00C7CE9C /* NSString+AixCategory.m */; };
		F679207425CC230B00C7CE9C /* AixDebugLog.m in Sources */ = {isa = PBXBuildFile; fileRef = F679204F25CC230A00C7CE9C /* AixDebugLog.m */; };
		F679207525CC230B00C7CE9C /* CALayer+AixCategory.m in Sources */ = {isa = PBXBuildFile; fileRef = F679205425CC230B00C7CE9C /* CALayer+AixCategory.m */; };
		F679207625CC230B00C7CE9C /* GTMBase64.m in Sources */ = {isa = PBXBuildFile; fileRef = F679205925CC230B00C7CE9C /* GTMBase64.m */; settings = {COMPILER_FLAGS = "-fno-objc-arc"; }; };
		F6A13B2A25D6218400FDC019 /* PlaylistsViewController.m in Sources */ = {isa = PBXBuildFile; fileRef = F6A13B2825D6218400FDC019 /* PlaylistsViewController.m */; };
		F6A13B2B25D6218400FDC019 /* PlaylistsViewController.xib in Resources */ = {isa = PBXBuildFile; fileRef = F6A13B2925D6218400FDC019 /* PlaylistsViewController.xib */; };
		F6A13B3125D6B05C00FDC019 /* PlaylistsDownloader.m in Sources */ = {isa = PBXBuildFile; fileRef = F6A13B3025D6B05C00FDC019 /* PlaylistsDownloader.m */; };
		F6A5ABDC257F09F60069ED91 /* AppDelegate.swift in Sources */ = {isa = PBXBuildFile; fileRef = F6A5ABDB257F09F60069ED91 /* AppDelegate.swift */; };
		F6A5ABDE257F09F60069ED91 /* SceneDelegate.swift in Sources */ = {isa = PBXBuildFile; fileRef = F6A5ABDD257F09F60069ED91 /* SceneDelegate.swift */; };
		F6A5ABE0257F09F60069ED91 /* ViewController.swift in Sources */ = {isa = PBXBuildFile; fileRef = F6A5ABDF257F09F60069ED91 /* ViewController.swift */; };
		F6A5ABE3257F09F60069ED91 /* Main.storyboard in Resources */ = {isa = PBXBuildFile; fileRef = F6A5ABE1257F09F60069ED91 /* Main.storyboard */; };
		F6A5ABE5257F09F80069ED91 /* Assets.xcassets in Resources */ = {isa = PBXBuildFile; fileRef = F6A5ABE4257F09F80069ED91 /* Assets.xcassets */; };
		F6A5ABE8257F09F80069ED91 /* LaunchScreen.storyboard in Resources */ = {isa = PBXBuildFile; fileRef = F6A5ABE6257F09F80069ED91 /* LaunchScreen.storyboard */; };
		F6A5ABF3257F09F80069ED91 /* XiamiCollectTests.swift in Sources */ = {isa = PBXBuildFile; fileRef = F6A5ABF2257F09F80069ED91 /* XiamiCollectTests.swift */; };
		F6A5ABFE257F09F80069ED91 /* XiamiCollectUITests.swift in Sources */ = {isa = PBXBuildFile; fileRef = F6A5ABFD257F09F80069ED91 /* XiamiCollectUITests.swift */; };
		F6A5AC11257F0B160069ED91 /* CollectRequest.m in Sources */ = {isa = PBXBuildFile; fileRef = F6A5AC10257F0B160069ED91 /* CollectRequest.m */; };
		F6A5AC24257F0D150069ED91 /* AFURLResponseSerialization.m in Sources */ = {isa = PBXBuildFile; fileRef = F6A5AC1A257F0D150069ED91 /* AFURLResponseSerialization.m */; };
		F6A5AC25257F0D150069ED91 /* AFHTTPSessionManager.m in Sources */ = {isa = PBXBuildFile; fileRef = F6A5AC1B257F0D150069ED91 /* AFHTTPSessionManager.m */; };
		F6A5AC26257F0D150069ED91 /* AFURLSessionManager.m in Sources */ = {isa = PBXBuildFile; fileRef = F6A5AC1D257F0D150069ED91 /* AFURLSessionManager.m */; };
		F6A5AC27257F0D150069ED91 /* AFURLRequestSerialization.m in Sources */ = {isa = PBXBuildFile; fileRef = F6A5AC1E257F0D150069ED91 /* AFURLRequestSerialization.m */; };
		F6A5AC28257F0D150069ED91 /* AFNetworkReachabilityManager.m in Sources */ = {isa = PBXBuildFile; fileRef = F6A5AC20257F0D150069ED91 /* AFNetworkReachabilityManager.m */; };
		F6A5AC29257F0D150069ED91 /* AFSecurityPolicy.m in Sources */ = {isa = PBXBuildFile; fileRef = F6A5AC21257F0D150069ED91 /* AFSecurityPolicy.m */; };
		F6C7F23E25CEBBC1007FABA8 /* FavoriteSongsVC.swift in Sources */ = {isa = PBXBuildFile; fileRef = F6C7F23C25CEBBC1007FABA8 /* FavoriteSongsVC.swift */; };
		F6C7F23F25CEBBC1007FABA8 /* FavoriteSongsVC.xib in Resources */ = {isa = PBXBuildFile; fileRef = F6C7F23D25CEBBC1007FABA8 /* FavoriteSongsVC.xib */; };
		F6D533A125CB8A3900ABB513 /* GenresWebController.m in Sources */ = {isa = PBXBuildFile; fileRef = F6D5339F25CB8A3900ABB513 /* GenresWebController.m */; };
		F6D533A225CB8A3900ABB513 /* GenresWebController.xib in Resources */ = {isa = PBXBuildFile; fileRef = F6D533A025CB8A3900ABB513 /* GenresWebController.xib */; };
		F6D5340625CBD73000ABB513 /* Genres.json in Resources */ = {isa = PBXBuildFile; fileRef = F6D5340525CBD73000ABB513 /* Genres.json */; };
		F6DE7D8D25CF1D5B00DCEF9F /* collectString.json in Resources */ = {isa = PBXBuildFile; fileRef = F6DE7D8C25CF1D5B00DCEF9F /* collectString.json */; };
		F6EB8CB725AD99E40039029E /* PlaylistMatch.m in Sources */ = {isa = PBXBuildFile; fileRef = F6EB8CB625AD99E40039029E /* PlaylistMatch.m */; };
/* End PBXBuildFile section */

/* Begin PBXContainerItemProxy section */
		F6A5ABEF257F09F80069ED91 /* PBXContainerItemProxy */ = {
			isa = PBXContainerItemProxy;
			containerPortal = F6A5ABD0257F09F60069ED91 /* Project object */;
			proxyType = 1;
			remoteGlobalIDString = F6A5ABD7257F09F60069ED91;
			remoteInfo = XiamiCollect;
		};
		F6A5ABFA257F09F80069ED91 /* PBXContainerItemProxy */ = {
			isa = PBXContainerItemProxy;
			containerPortal = F6A5ABD0257F09F60069ED91 /* Project object */;
			proxyType = 1;
			remoteGlobalIDString = F6A5ABD7257F09F60069ED91;
			remoteInfo = XiamiCollect;
		};
/* End PBXContainerItemProxy section */

/* Begin PBXFileReference section */
		F60B9B57258B668F00AAB167 /* SongDownloader.h */ = {isa = PBXFileReference; lastKnownFileType = sourcecode.c.h; path = SongDownloader.h; sourceTree = "<group>"; };
		F60B9B58258B668F00AAB167 /* SongDownloader.m */ = {isa = PBXFileReference; lastKnownFileType = sourcecode.c.objc; path = SongDownloader.m; sourceTree = "<group>"; };
		F670C61225A549710068CA33 /* collectResult.json */ = {isa = PBXFileReference; fileEncoding = 4; lastKnownFileType = text.json; path = collectResult.json; sourceTree = "<group>"; };
		F679201825CC230A00C7CE9C /* UIGestureRecognizer+AixCategory.m */ = {isa = PBXFileReference; fileEncoding = 4; lastKnownFileType = sourcecode.c.objc; path = "UIGestureRecognizer+AixCategory.m"; sourceTree = "<group>"; };
		F679201925CC230A00C7CE9C /* UIDevice+AixCategory.h */ = {isa = PBXFileReference; fileEncoding = 4; lastKnownFileType = sourcecode.c.h; path = "UIDevice+AixCategory.h"; sourceTree = "<group>"; };
		F679201A25CC230A00C7CE9C /* UIWindow+AixCategory.h */ = {isa = PBXFileReference; fileEncoding = 4; lastKnownFileType = sourcecode.c.h; path = "UIWindow+AixCategory.h"; sourceTree = "<group>"; };
		F679201B25CC230A00C7CE9C /* UIView+AixCategory.h */ = {isa = PBXFileReference; fileEncoding = 4; lastKnownFileType = sourcecode.c.h; path = "UIView+AixCategory.h"; sourceTree = "<group>"; };
		F679201C25CC230A00C7CE9C /* UINavigationController+AixCategory.m */ = {isa = PBXFileReference; fileEncoding = 4; lastKnownFileType = sourcecode.c.objc; path = "UINavigationController+AixCategory.m"; sourceTree = "<group>"; };
		F679201D25CC230A00C7CE9C /* UILabel+AixCategory.m */ = {isa = PBXFileReference; fileEncoding = 4; lastKnownFileType = sourcecode.c.objc; path = "UILabel+AixCategory.m"; sourceTree = "<group>"; };
		F679201E25CC230A00C7CE9C /* UIImageView+AixCategory.h */ = {isa = PBXFileReference; fileEncoding = 4; lastKnownFileType = sourcecode.c.h; path = "UIImageView+AixCategory.h"; sourceTree = "<group>"; };
		F679201F25CC230A00C7CE9C /* UIButton+AixCategory.m */ = {isa = PBXFileReference; fileEncoding = 4; lastKnownFileType = sourcecode.c.objc; path = "UIButton+AixCategory.m"; sourceTree = "<group>"; };
		F679202025CC230A00C7CE9C /* UIImage+AixCategory.m */ = {isa = PBXFileReference; fileEncoding = 4; lastKnownFileType = sourcecode.c.objc; path = "UIImage+AixCategory.m"; sourceTree = "<group>"; };
		F679202125CC230A00C7CE9C /* UIBarButtonItem+AixCatrgory.m */ = {isa = PBXFileReference; fileEncoding = 4; lastKnownFileType = sourcecode.c.objc; path = "UIBarButtonItem+AixCatrgory.m"; sourceTree = "<group>"; };
		F679202225CC230A00C7CE9C /* UIColor+AixCategory.m */ = {isa = PBXFileReference; fileEncoding = 4; lastKnownFileType = sourcecode.c.objc; path = "UIColor+AixCategory.m"; sourceTree = "<group>"; };
		F679202325CC230A00C7CE9C /* UIApplication+AixCategory.h */ = {isa = PBXFileReference; fileEncoding = 4; lastKnownFileType = sourcecode.c.h; path = "UIApplication+AixCategory.h"; sourceTree = "<group>"; };
		F679202425CC230A00C7CE9C /* UIActionSheet+AixCategory.m */ = {isa = PBXFileReference; fileEncoding = 4; lastKnownFileType = sourcecode.c.objc; path = "UIActionSheet+AixCategory.m"; sourceTree = "<group>"; };
		F679202525CC230A00C7CE9C /* AixButton.h */ = {isa = PBXFileReference; fileEncoding = 4; lastKnownFileType = sourcecode.c.h; path = AixButton.h; sourceTree = "<group>"; };
		F679202625CC230A00C7CE9C /* UIScrollView+AixCategory.h */ = {isa = PBXFileReference; fileEncoding = 4; lastKnownFileType = sourcecode.c.h; path = "UIScrollView+AixCategory.h"; sourceTree = "<group>"; };
		F679202725CC230A00C7CE9C /* UIViewController+AixCategory.h */ = {isa = PBXFileReference; fileEncoding = 4; lastKnownFileType = sourcecode.c.h; path = "UIViewController+AixCategory.h"; sourceTree = "<group>"; };
		F679202825CC230A00C7CE9C /* UIControl+AixCategory.m */ = {isa = PBXFileReference; fileEncoding = 4; lastKnownFileType = sourcecode.c.objc; path = "UIControl+AixCategory.m"; sourceTree = "<group>"; };
		F679202925CC230A00C7CE9C /* UIWindow+AixCategory.m */ = {isa = PBXFileReference; fileEncoding = 4; lastKnownFileType = sourcecode.c.objc; path = "UIWindow+AixCategory.m"; sourceTree = "<group>"; };
		F679202A25CC230A00C7CE9C /* UIDevice+AixCategory.m */ = {isa = PBXFileReference; fileEncoding = 4; lastKnownFileType = sourcecode.c.objc; path = "UIDevice+AixCategory.m"; sourceTree = "<group>"; };
		F679202B25CC230A00C7CE9C /* UIGestureRecognizer+AixCategory.h */ = {isa = PBXFileReference; fileEncoding = 4; lastKnownFileType = sourcecode.c.h; path = "UIGestureRecognizer+AixCategory.h"; sourceTree = "<group>"; };
		F679202C25CC230A00C7CE9C /* UIButton+AixCategory.h */ = {isa = PBXFileReference; fileEncoding = 4; lastKnownFileType = sourcecode.c.h; path = "UIButton+AixCategory.h"; sourceTree = "<group>"; };
		F679202D25CC230A00C7CE9C /* UILabel+AixCategory.h */ = {isa = PBXFileReference; fileEncoding = 4; lastKnownFileType = sourcecode.c.h; path = "UILabel+AixCategory.h"; sourceTree = "<group>"; };
		F679202E25CC230A00C7CE9C /* UIImageView+AixCategory.m */ = {isa = PBXFileReference; fileEncoding = 4; lastKnownFileType = sourcecode.c.objc; path = "UIImageView+AixCategory.m"; sourceTree = "<group>"; };
		F679202F25CC230A00C7CE9C /* UINavigationController+AixCategory.h */ = {isa = PBXFileReference; fileEncoding = 4; lastKnownFileType = sourcecode.c.h; path = "UINavigationController+AixCategory.h"; sourceTree = "<group>"; };
		F679203025CC230A00C7CE9C /* UIView+AixCategory.m */ = {isa = PBXFileReference; fileEncoding = 4; lastKnownFileType = sourcecode.c.objc; path = "UIView+AixCategory.m"; sourceTree = "<group>"; };
		F679203125CC230A00C7CE9C /* UIColor+AixCategory.h */ = {isa = PBXFileReference; fileEncoding = 4; lastKnownFileType = sourcecode.c.h; path = "UIColor+AixCategory.h"; sourceTree = "<group>"; };
		F679203225CC230A00C7CE9C /* UIApplication+AixCategory.m */ = {isa = PBXFileReference; fileEncoding = 4; lastKnownFileType = sourcecode.c.objc; path = "UIApplication+AixCategory.m"; sourceTree = "<group>"; };
		F679203325CC230A00C7CE9C /* UIBarButtonItem+AixCatrgory.h */ = {isa = PBXFileReference; fileEncoding = 4; lastKnownFileType = sourcecode.c.h; path = "UIBarButtonItem+AixCatrgory.h"; sourceTree = "<group>"; };
		F679203425CC230A00C7CE9C /* UIImage+AixCategory.h */ = {isa = PBXFileReference; fileEncoding = 4; lastKnownFileType = sourcecode.c.h; path = "UIImage+AixCategory.h"; sourceTree = "<group>"; };
		F679203525CC230A00C7CE9C /* UIControl+AixCategory.h */ = {isa = PBXFileReference; fileEncoding = 4; lastKnownFileType = sourcecode.c.h; path = "UIControl+AixCategory.h"; sourceTree = "<group>"; };
		F679203625CC230A00C7CE9C /* UIViewController+AixCategory.m */ = {isa = PBXFileReference; fileEncoding = 4; lastKnownFileType = sourcecode.c.objc; path = "UIViewController+AixCategory.m"; sourceTree = "<group>"; };
		F679203725CC230A00C7CE9C /* AixButton.m */ = {isa = PBXFileReference; fileEncoding = 4; lastKnownFileType = sourcecode.c.objc; path = AixButton.m; sourceTree = "<group>"; };
		F679203825CC230A00C7CE9C /* UIScrollView+AixCategory.m */ = {isa = PBXFileReference; fileEncoding = 4; lastKnownFileType = sourcecode.c.objc; path = "UIScrollView+AixCategory.m"; sourceTree = "<group>"; };
		F679203925CC230A00C7CE9C /* UIActionSheet+AixCategory.h */ = {isa = PBXFileReference; fileEncoding = 4; lastKnownFileType = sourcecode.c.h; path = "UIActionSheet+AixCategory.h"; sourceTree = "<group>"; };
		F679203B25CC230A00C7CE9C /* NSBundle+AixCategory.m */ = {isa = PBXFileReference; fileEncoding = 4; lastKnownFileType = sourcecode.c.objc; path = "NSBundle+AixCategory.m"; sourceTree = "<group>"; };
		F679203C25CC230A00C7CE9C /* NSNumber+AixCategory.h */ = {isa = PBXFileReference; fileEncoding = 4; lastKnownFileType = sourcecode.c.h; path = "NSNumber+AixCategory.h"; sourceTree = "<group>"; };
		F679203D25CC230A00C7CE9C /* NSMutableDictionary+AixCategory.m */ = {isa = PBXFileReference; fileEncoding = 4; lastKnownFileType = sourcecode.c.objc; path = "NSMutableDictionary+AixCategory.m"; sourceTree = "<group>"; };
		F679203E25CC230A00C7CE9C /* NSDictionary+AixCategory.h */ = {isa = PBXFileReference; fileEncoding = 4; lastKnownFileType = sourcecode.c.h; path = "NSDictionary+AixCategory.h"; sourceTree = "<group>"; };
		F679203F25CC230A00C7CE9C /* NSMutableArray+AixCategory.h */ = {isa = PBXFileReference; fileEncoding = 4; lastKnownFileType = sourcecode.c.h; path = "NSMutableArray+AixCategory.h"; sourceTree = "<group>"; };
		F679204025CC230A00C7CE9C /* NSData+AixCategory.m */ = {isa = PBXFileReference; fileEncoding = 4; lastKnownFileType = sourcecode.c.objc; path = "NSData+AixCategory.m"; sourceTree = "<group>"; };
		F679204125CC230A00C7CE9C /* NSDate+AixCategory.m */ = {isa = PBXFileReference; fileEncoding = 4; lastKnownFileType = sourcecode.c.objc; path = "NSDate+AixCategory.m"; sourceTree = "<group>"; };
		F679204225CC230A00C7CE9C /* NSString+AixCategory.h */ = {isa = PBXFileReference; fileEncoding = 4; lastKnownFileType = sourcecode.c.h; path = "NSString+AixCategory.h"; sourceTree = "<group>"; };
		F679204325CC230A00C7CE9C /* NSArray+AixCategory.h */ = {isa = PBXFileReference; fileEncoding = 4; lastKnownFileType = sourcecode.c.h; path = "NSArray+AixCategory.h"; sourceTree = "<group>"; };
		F679204425CC230A00C7CE9C /* NSMutableDictionary+AixCategory.h */ = {isa = PBXFileReference; fileEncoding = 4; lastKnownFileType = sourcecode.c.h; path = "NSMutableDictionary+AixCategory.h"; sourceTree = "<group>"; };
		F679204525CC230A00C7CE9C /* NSNumber+AixCategory.m */ = {isa = PBXFileReference; fileEncoding = 4; lastKnownFileType = sourcecode.c.objc; path = "NSNumber+AixCategory.m"; sourceTree = "<group>"; };
		F679204625CC230A00C7CE9C /* NSBundle+AixCategory.h */ = {isa = PBXFileReference; fileEncoding = 4; lastKnownFileType = sourcecode.c.h; path = "NSBundle+AixCategory.h"; sourceTree = "<group>"; };
		F679204725CC230A00C7CE9C /* NSMutableArray+AixCategory.m */ = {isa = PBXFileReference; fileEncoding = 4; lastKnownFileType = sourcecode.c.objc; path = "NSMutableArray+AixCategory.m"; sourceTree = "<group>"; };
		F679204825CC230A00C7CE9C /* NSDictionary+AixCategory.m */ = {isa = PBXFileReference; fileEncoding = 4; lastKnownFileType = sourcecode.c.objc; path = "NSDictionary+AixCategory.m"; sourceTree = "<group>"; };
		F679204925CC230A00C7CE9C /* NSDate+AixCategory.h */ = {isa = PBXFileReference; fileEncoding = 4; lastKnownFileType = sourcecode.c.h; path = "NSDate+AixCategory.h"; sourceTree = "<group>"; };
		F679204A25CC230A00C7CE9C /* NSData+AixCategory.h */ = {isa = PBXFileReference; fileEncoding = 4; lastKnownFileType = sourcecode.c.h; path = "NSData+AixCategory.h"; sourceTree = "<group>"; };
		F679204B25CC230A00C7CE9C /* NSArray+AixCategory.m */ = {isa = PBXFileReference; fileEncoding = 4; lastKnownFileType = sourcecode.c.objc; path = "NSArray+AixCategory.m"; sourceTree = "<group>"; };
		F679204C25CC230A00C7CE9C /* NSString+AixCategory.m */ = {isa = PBXFileReference; fileEncoding = 4; lastKnownFileType = sourcecode.c.objc; path = "NSString+AixCategory.m"; sourceTree = "<group>"; };
		F679204E25CC230A00C7CE9C /* AixCategorysHeads.h */ = {isa = PBXFileReference; fileEncoding = 4; lastKnownFileType = sourcecode.c.h; path = AixCategorysHeads.h; sourceTree = "<group>"; };
		F679204F25CC230A00C7CE9C /* AixDebugLog.m */ = {isa = PBXFileReference; fileEncoding = 4; lastKnownFileType = sourcecode.c.objc; path = AixDebugLog.m; sourceTree = "<group>"; };
		F679205025CC230A00C7CE9C /* AixDebugLog.h */ = {isa = PBXFileReference; fileEncoding = 4; lastKnownFileType = sourcecode.c.h; path = AixDebugLog.h; sourceTree = "<group>"; };
		F679205125CC230A00C7CE9C /* AixCategorysMacro.h */ = {isa = PBXFileReference; fileEncoding = 4; lastKnownFileType = sourcecode.c.h; path = AixCategorysMacro.h; sourceTree = "<group>"; };
		F679205325CC230B00C7CE9C /* CALayer+AixCategory.h */ = {isa = PBXFileReference; fileEncoding = 4; lastKnownFileType = sourcecode.c.h; path = "CALayer+AixCategory.h"; sourceTree = "<group>"; };
		F679205425CC230B00C7CE9C /* CALayer+AixCategory.m */ = {isa = PBXFileReference; fileEncoding = 4; lastKnownFileType = sourcecode.c.objc; path = "CALayer+AixCategory.m"; sourceTree = "<group>"; };
		F679205725CC230B00C7CE9C /* GTMBase64.h */ = {isa = PBXFileReference; fileEncoding = 4; lastKnownFileType = sourcecode.c.h; path = GTMBase64.h; sourceTree = "<group>"; };
		F679205825CC230B00C7CE9C /* GTMDefines.h */ = {isa = PBXFileReference; fileEncoding = 4; lastKnownFileType = sourcecode.c.h; path = GTMDefines.h; sourceTree = "<group>"; };
		F679205925CC230B00C7CE9C /* GTMBase64.m */ = {isa = PBXFileReference; fileEncoding = 4; lastKnownFileType = sourcecode.c.objc; path = GTMBase64.m; sourceTree = "<group>"; };
		F6A13B2725D6218400FDC019 /* PlaylistsViewController.h */ = {isa = PBXFileReference; lastKnownFileType = sourcecode.c.h; path = PlaylistsViewController.h; sourceTree = "<group>"; };
		F6A13B2825D6218400FDC019 /* PlaylistsViewController.m */ = {isa = PBXFileReference; lastKnownFileType = sourcecode.c.objc; path = PlaylistsViewController.m; sourceTree = "<group>"; };
		F6A13B2925D6218400FDC019 /* PlaylistsViewController.xib */ = {isa = PBXFileReference; lastKnownFileType = file.xib; path = PlaylistsViewController.xib; sourceTree = "<group>"; };
		F6A13B2F25D6B05C00FDC019 /* PlaylistsDownloader.h */ = {isa = PBXFileReference; lastKnownFileType = sourcecode.c.h; path = PlaylistsDownloader.h; sourceTree = "<group>"; };
		F6A13B3025D6B05C00FDC019 /* PlaylistsDownloader.m */ = {isa = PBXFileReference; lastKnownFileType = sourcecode.c.objc; path = PlaylistsDownloader.m; sourceTree = "<group>"; };
		F6A5ABD8257F09F60069ED91 /* XiamiCollect.app */ = {isa = PBXFileReference; explicitFileType = wrapper.application; includeInIndex = 0; path = XiamiCollect.app; sourceTree = BUILT_PRODUCTS_DIR; };
		F6A5ABDB257F09F60069ED91 /* AppDelegate.swift */ = {isa = PBXFileReference; lastKnownFileType = sourcecode.swift; path = AppDelegate.swift; sourceTree = "<group>"; };
		F6A5ABDD257F09F60069ED91 /* SceneDelegate.swift */ = {isa = PBXFileReference; lastKnownFileType = sourcecode.swift; path = SceneDelegate.swift; sourceTree = "<group>"; };
		F6A5ABDF257F09F60069ED91 /* ViewController.swift */ = {isa = PBXFileReference; lastKnownFileType = sourcecode.swift; path = ViewController.swift; sourceTree = "<group>"; };
		F6A5ABE2257F09F60069ED91 /* Base */ = {isa = PBXFileReference; lastKnownFileType = file.storyboard; name = Base; path = Base.lproj/Main.storyboard; sourceTree = "<group>"; };
		F6A5ABE4257F09F80069ED91 /* Assets.xcassets */ = {isa = PBXFileReference; lastKnownFileType = folder.assetcatalog; path = Assets.xcassets; sourceTree = "<group>"; };
		F6A5ABE7257F09F80069ED91 /* Base */ = {isa = PBXFileReference; lastKnownFileType = file.storyboard; name = Base; path = Base.lproj/LaunchScreen.storyboard; sourceTree = "<group>"; };
		F6A5ABE9257F09F80069ED91 /* Info.plist */ = {isa = PBXFileReference; lastKnownFileType = text.plist.xml; path = Info.plist; sourceTree = "<group>"; };
		F6A5ABEE257F09F80069ED91 /* XiamiCollectTests.xctest */ = {isa = PBXFileReference; explicitFileType = wrapper.cfbundle; includeInIndex = 0; path = XiamiCollectTests.xctest; sourceTree = BUILT_PRODUCTS_DIR; };
		F6A5ABF2257F09F80069ED91 /* XiamiCollectTests.swift */ = {isa = PBXFileReference; lastKnownFileType = sourcecode.swift; path = XiamiCollectTests.swift; sourceTree = "<group>"; };
		F6A5ABF4257F09F80069ED91 /* Info.plist */ = {isa = PBXFileReference; lastKnownFileType = text.plist.xml; path = Info.plist; sourceTree = "<group>"; };
		F6A5ABF9257F09F80069ED91 /* XiamiCollectUITests.xctest */ = {isa = PBXFileReference; explicitFileType = wrapper.cfbundle; includeInIndex = 0; path = XiamiCollectUITests.xctest; sourceTree = BUILT_PRODUCTS_DIR; };
		F6A5ABFD257F09F80069ED91 /* XiamiCollectUITests.swift */ = {isa = PBXFileReference; lastKnownFileType = sourcecode.swift; path = XiamiCollectUITests.swift; sourceTree = "<group>"; };
		F6A5ABFF257F09F80069ED91 /* Info.plist */ = {isa = PBXFileReference; lastKnownFileType = text.plist.xml; path = Info.plist; sourceTree = "<group>"; };
		F6A5AC0E257F0B160069ED91 /* XiamiCollect-Bridging-Header.h */ = {isa = PBXFileReference; lastKnownFileType = sourcecode.c.h; path = "XiamiCollect-Bridging-Header.h"; sourceTree = "<group>"; };
		F6A5AC0F257F0B160069ED91 /* CollectRequest.h */ = {isa = PBXFileReference; lastKnownFileType = sourcecode.c.h; path = CollectRequest.h; sourceTree = "<group>"; };
		F6A5AC10257F0B160069ED91 /* CollectRequest.m */ = {isa = PBXFileReference; lastKnownFileType = sourcecode.c.objc; path = CollectRequest.m; sourceTree = "<group>"; };
		F6A5AC16257F0D150069ED91 /* AFSecurityPolicy.h */ = {isa = PBXFileReference; fileEncoding = 4; lastKnownFileType = sourcecode.c.h; path = AFSecurityPolicy.h; sourceTree = "<group>"; };
		F6A5AC17257F0D150069ED91 /* AFNetworkReachabilityManager.h */ = {isa = PBXFileReference; fileEncoding = 4; lastKnownFileType = sourcecode.c.h; path = AFNetworkReachabilityManager.h; sourceTree = "<group>"; };
		F6A5AC18257F0D150069ED91 /* AFURLSessionManager.h */ = {isa = PBXFileReference; fileEncoding = 4; lastKnownFileType = sourcecode.c.h; path = AFURLSessionManager.h; sourceTree = "<group>"; };
		F6A5AC19257F0D150069ED91 /* AFURLRequestSerialization.h */ = {isa = PBXFileReference; fileEncoding = 4; lastKnownFileType = sourcecode.c.h; path = AFURLRequestSerialization.h; sourceTree = "<group>"; };
		F6A5AC1A257F0D150069ED91 /* AFURLResponseSerialization.m */ = {isa = PBXFileReference; fileEncoding = 4; lastKnownFileType = sourcecode.c.objc; path = AFURLResponseSerialization.m; sourceTree = "<group>"; };
		F6A5AC1B257F0D150069ED91 /* AFHTTPSessionManager.m */ = {isa = PBXFileReference; fileEncoding = 4; lastKnownFileType = sourcecode.c.objc; path = AFHTTPSessionManager.m; sourceTree = "<group>"; };
		F6A5AC1C257F0D150069ED91 /* AFURLResponseSerialization.h */ = {isa = PBXFileReference; fileEncoding = 4; lastKnownFileType = sourcecode.c.h; path = AFURLResponseSerialization.h; sourceTree = "<group>"; };
		F6A5AC1D257F0D150069ED91 /* AFURLSessionManager.m */ = {isa = PBXFileReference; fileEncoding = 4; lastKnownFileType = sourcecode.c.objc; path = AFURLSessionManager.m; sourceTree = "<group>"; };
		F6A5AC1E257F0D150069ED91 /* AFURLRequestSerialization.m */ = {isa = PBXFileReference; fileEncoding = 4; lastKnownFileType = sourcecode.c.objc; path = AFURLRequestSerialization.m; sourceTree = "<group>"; };
		F6A5AC1F257F0D150069ED91 /* AFNetworking.h */ = {isa = PBXFileReference; fileEncoding = 4; lastKnownFileType = sourcecode.c.h; path = AFNetworking.h; sourceTree = "<group>"; };
		F6A5AC20257F0D150069ED91 /* AFNetworkReachabilityManager.m */ = {isa = PBXFileReference; fileEncoding = 4; lastKnownFileType = sourcecode.c.objc; path = AFNetworkReachabilityManager.m; sourceTree = "<group>"; };
		F6A5AC21257F0D150069ED91 /* AFSecurityPolicy.m */ = {isa = PBXFileReference; fileEncoding = 4; lastKnownFileType = sourcecode.c.objc; path = AFSecurityPolicy.m; sourceTree = "<group>"; };
		F6A5AC22257F0D150069ED91 /* AFCompatibilityMacros.h */ = {isa = PBXFileReference; fileEncoding = 4; lastKnownFileType = sourcecode.c.h; path = AFCompatibilityMacros.h; sourceTree = "<group>"; };
		F6A5AC23257F0D150069ED91 /* AFHTTPSessionManager.h */ = {isa = PBXFileReference; fileEncoding = 4; lastKnownFileType = sourcecode.c.h; path = AFHTTPSessionManager.h; sourceTree = "<group>"; };
		F6C7F23C25CEBBC1007FABA8 /* FavoriteSongsVC.swift */ = {isa = PBXFileReference; lastKnownFileType = sourcecode.swift; path = FavoriteSongsVC.swift; sourceTree = "<group>"; };
		F6C7F23D25CEBBC1007FABA8 /* FavoriteSongsVC.xib */ = {isa = PBXFileReference; lastKnownFileType = file.xib; path = FavoriteSongsVC.xib; sourceTree = "<group>"; };
		F6D5339E25CB8A3900ABB513 /* GenresWebController.h */ = {isa = PBXFileReference; lastKnownFileType = sourcecode.c.h; path = GenresWebController.h; sourceTree = "<group>"; };
		F6D5339F25CB8A3900ABB513 /* GenresWebController.m */ = {isa = PBXFileReference; lastKnownFileType = sourcecode.c.objc; path = GenresWebController.m; sourceTree = "<group>"; };
		F6D533A025CB8A3900ABB513 /* GenresWebController.xib */ = {isa = PBXFileReference; lastKnownFileType = file.xib; path = GenresWebController.xib; sourceTree = "<group>"; };
		F6D533CB25CB9DEB00ABB513 /* CryptoKit.framework */ = {isa = PBXFileReference; lastKnownFileType = wrapper.framework; name = CryptoKit.framework; path = System/Library/Frameworks/CryptoKit.framework; sourceTree = SDKROOT; };
		F6D533D025CB9E0700ABB513 /* libcryptex.tbd */ = {isa = PBXFileReference; lastKnownFileType = "sourcecode.text-based-dylib-definition"; name = libcryptex.tbd; path = usr/lib/libcryptex.tbd; sourceTree = SDKROOT; };
		F6D5340525CBD73000ABB513 /* Genres.json */ = {isa = PBXFileReference; fileEncoding = 4; lastKnownFileType = text.json; path = Genres.json; sourceTree = "<group>"; };
		F6DE7D8C25CF1D5B00DCEF9F /* collectString.json */ = {isa = PBXFileReference; fileEncoding = 4; lastKnownFileType = text.json; path = collectString.json; sourceTree = "<group>"; };
		F6EB8CB525AD99E40039029E /* PlaylistMatch.h */ = {isa = PBXFileReference; lastKnownFileType = sourcecode.c.h; path = PlaylistMatch.h; sourceTree = "<group>"; };
		F6EB8CB625AD99E40039029E /* PlaylistMatch.m */ = {isa = PBXFileReference; lastKnownFileType = sourcecode.c.objc; path = PlaylistMatch.m; sourceTree = "<group>"; };
/* End PBXFileReference section */

/* Begin PBXFrameworksBuildPhase section */
		F6A5ABD5257F09F60069ED91 /* Frameworks */ = {
			isa = PBXFrameworksBuildPhase;
			buildActionMask = 2147483647;
			files = (
			);
			runOnlyForDeploymentPostprocessing = 0;
		};
		F6A5ABEB257F09F80069ED91 /* Frameworks */ = {
			isa = PBXFrameworksBuildPhase;
			buildActionMask = 2147483647;
			files = (
			);
			runOnlyForDeploymentPostprocessing = 0;
		};
		F6A5ABF6257F09F80069ED91 /* Frameworks */ = {
			isa = PBXFrameworksBuildPhase;
			buildActionMask = 2147483647;
			files = (
			);
			runOnlyForDeploymentPostprocessing = 0;
		};
/* End PBXFrameworksBuildPhase section */

/* Begin PBXGroup section */
		F679201625CC230A00C7CE9C /* AixCategorys */ = {
			isa = PBXGroup;
			children = (
				F679201725CC230A00C7CE9C /* UIKit */,
				F679203A25CC230A00C7CE9C /* FoundationKit */,
				F679204D25CC230A00C7CE9C /* AixCategorysHeads */,
				F679205225CC230A00C7CE9C /* QuartzCore */,
				F679205525CC230B00C7CE9C /* ThirdParty */,
			);
			path = AixCategorys;
			sourceTree = "<group>";
		};
		F679201725CC230A00C7CE9C /* UIKit */ = {
			isa = PBXGroup;
			children = (
				F679201825CC230A00C7CE9C /* UIGestureRecognizer+AixCategory.m */,
				F679201925CC230A00C7CE9C /* UIDevice+AixCategory.h */,
				F679201A25CC230A00C7CE9C /* UIWindow+AixCategory.h */,
				F679201B25CC230A00C7CE9C /* UIView+AixCategory.h */,
				F679201C25CC230A00C7CE9C /* UINavigationController+AixCategory.m */,
				F679201D25CC230A00C7CE9C /* UILabel+AixCategory.m */,
				F679201E25CC230A00C7CE9C /* UIImageView+AixCategory.h */,
				F679201F25CC230A00C7CE9C /* UIButton+AixCategory.m */,
				F679202025CC230A00C7CE9C /* UIImage+AixCategory.m */,
				F679202125CC230A00C7CE9C /* UIBarButtonItem+AixCatrgory.m */,
				F679202225CC230A00C7CE9C /* UIColor+AixCategory.m */,
				F679202325CC230A00C7CE9C /* UIApplication+AixCategory.h */,
				F679202425CC230A00C7CE9C /* UIActionSheet+AixCategory.m */,
				F679202525CC230A00C7CE9C /* AixButton.h */,
				F679202625CC230A00C7CE9C /* UIScrollView+AixCategory.h */,
				F679202725CC230A00C7CE9C /* UIViewController+AixCategory.h */,
				F679202825CC230A00C7CE9C /* UIControl+AixCategory.m */,
				F679202925CC230A00C7CE9C /* UIWindow+AixCategory.m */,
				F679202A25CC230A00C7CE9C /* UIDevice+AixCategory.m */,
				F679202B25CC230A00C7CE9C /* UIGestureRecognizer+AixCategory.h */,
				F679202C25CC230A00C7CE9C /* UIButton+AixCategory.h */,
				F679202D25CC230A00C7CE9C /* UILabel+AixCategory.h */,
				F679202E25CC230A00C7CE9C /* UIImageView+AixCategory.m */,
				F679202F25CC230A00C7CE9C /* UINavigationController+AixCategory.h */,
				F679203025CC230A00C7CE9C /* UIView+AixCategory.m */,
				F679203125CC230A00C7CE9C /* UIColor+AixCategory.h */,
				F679203225CC230A00C7CE9C /* UIApplication+AixCategory.m */,
				F679203325CC230A00C7CE9C /* UIBarButtonItem+AixCatrgory.h */,
				F679203425CC230A00C7CE9C /* UIImage+AixCategory.h */,
				F679203525CC230A00C7CE9C /* UIControl+AixCategory.h */,
				F679203625CC230A00C7CE9C /* UIViewController+AixCategory.m */,
				F679203725CC230A00C7CE9C /* AixButton.m */,
				F679203825CC230A00C7CE9C /* UIScrollView+AixCategory.m */,
				F679203925CC230A00C7CE9C /* UIActionSheet+AixCategory.h */,
			);
			path = UIKit;
			sourceTree = "<group>";
		};
		F679203A25CC230A00C7CE9C /* FoundationKit */ = {
			isa = PBXGroup;
			children = (
				F679203B25CC230A00C7CE9C /* NSBundle+AixCategory.m */,
				F679203C25CC230A00C7CE9C /* NSNumber+AixCategory.h */,
				F679203D25CC230A00C7CE9C /* NSMutableDictionary+AixCategory.m */,
				F679203E25CC230A00C7CE9C /* NSDictionary+AixCategory.h */,
				F679203F25CC230A00C7CE9C /* NSMutableArray+AixCategory.h */,
				F679204025CC230A00C7CE9C /* NSData+AixCategory.m */,
				F679204125CC230A00C7CE9C /* NSDate+AixCategory.m */,
				F679204225CC230A00C7CE9C /* NSString+AixCategory.h */,
				F679204325CC230A00C7CE9C /* NSArray+AixCategory.h */,
				F679204425CC230A00C7CE9C /* NSMutableDictionary+AixCategory.h */,
				F679204525CC230A00C7CE9C /* NSNumber+AixCategory.m */,
				F679204625CC230A00C7CE9C /* NSBundle+AixCategory.h */,
				F679204725CC230A00C7CE9C /* NSMutableArray+AixCategory.m */,
				F679204825CC230A00C7CE9C /* NSDictionary+AixCategory.m */,
				F679204925CC230A00C7CE9C /* NSDate+AixCategory.h */,
				F679204A25CC230A00C7CE9C /* NSData+AixCategory.h */,
				F679204B25CC230A00C7CE9C /* NSArray+AixCategory.m */,
				F679204C25CC230A00C7CE9C /* NSString+AixCategory.m */,
			);
			path = FoundationKit;
			sourceTree = "<group>";
		};
		F679204D25CC230A00C7CE9C /* AixCategorysHeads */ = {
			isa = PBXGroup;
			children = (
				F679204E25CC230A00C7CE9C /* AixCategorysHeads.h */,
				F679204F25CC230A00C7CE9C /* AixDebugLog.m */,
				F679205025CC230A00C7CE9C /* AixDebugLog.h */,
				F679205125CC230A00C7CE9C /* AixCategorysMacro.h */,
			);
			path = AixCategorysHeads;
			sourceTree = "<group>";
		};
		F679205225CC230A00C7CE9C /* QuartzCore */ = {
			isa = PBXGroup;
			children = (
				F679205325CC230B00C7CE9C /* CALayer+AixCategory.h */,
				F679205425CC230B00C7CE9C /* CALayer+AixCategory.m */,
			);
			path = QuartzCore;
			sourceTree = "<group>";
		};
		F679205525CC230B00C7CE9C /* ThirdParty */ = {
			isa = PBXGroup;
			children = (
				F679205625CC230B00C7CE9C /* GTMBase64 */,
			);
			path = ThirdParty;
			sourceTree = "<group>";
		};
		F679205625CC230B00C7CE9C /* GTMBase64 */ = {
			isa = PBXGroup;
			children = (
				F679205725CC230B00C7CE9C /* GTMBase64.h */,
				F679205825CC230B00C7CE9C /* GTMDefines.h */,
				F679205925CC230B00C7CE9C /* GTMBase64.m */,
			);
			path = GTMBase64;
			sourceTree = "<group>";
		};
		F6A5ABCF257F09F60069ED91 = {
			isa = PBXGroup;
			children = (
				F6A5ABDA257F09F60069ED91 /* XiamiCollect */,
				F6A5ABF1257F09F80069ED91 /* XiamiCollectTests */,
				F6A5ABFC257F09F80069ED91 /* XiamiCollectUITests */,
				F6A5ABD9257F09F60069ED91 /* Products */,
				F6D533CA25CB9DEA00ABB513 /* Frameworks */,
			);
			sourceTree = "<group>";
		};
		F6A5ABD9257F09F60069ED91 /* Products */ = {
			isa = PBXGroup;
			children = (
				F6A5ABD8257F09F60069ED91 /* XiamiCollect.app */,
				F6A5ABEE257F09F80069ED91 /* XiamiCollectTests.xctest */,
				F6A5ABF9257F09F80069ED91 /* XiamiCollectUITests.xctest */,
			);
			name = Products;
			sourceTree = "<group>";
		};
		F6A5ABDA257F09F60069ED91 /* XiamiCollect */ = {
			isa = PBXGroup;
			children = (
				F6A5ABDB257F09F60069ED91 /* AppDelegate.swift */,
				F6A5ABDD257F09F60069ED91 /* SceneDelegate.swift */,
				F6A5ABDF257F09F60069ED91 /* ViewController.swift */,
				F6C7F23C25CEBBC1007FABA8 /* FavoriteSongsVC.swift */,
				F6C7F23D25CEBBC1007FABA8 /* FavoriteSongsVC.xib */,
				F6EB8CB525AD99E40039029E /* PlaylistMatch.h */,
				F6EB8CB625AD99E40039029E /* PlaylistMatch.m */,
				F670C61225A549710068CA33 /* collectResult.json */,
				F6DE7D8C25CF1D5B00DCEF9F /* collectString.json */,
				F6A5AC0F257F0B160069ED91 /* CollectRequest.h */,
				F6A5AC10257F0B160069ED91 /* CollectRequest.m */,
				F60B9B57258B668F00AAB167 /* SongDownloader.h */,
				F60B9B58258B668F00AAB167 /* SongDownloader.m */,
				F6A13B2725D6218400FDC019 /* PlaylistsViewController.h */,
				F6A13B2825D6218400FDC019 /* PlaylistsViewController.m */,
				F6A13B2F25D6B05C00FDC019 /* PlaylistsDownloader.h */,
				F6A13B3025D6B05C00FDC019 /* PlaylistsDownloader.m */,
				F6A13B2925D6218400FDC019 /* PlaylistsViewController.xib */,
				F6D5340525CBD73000ABB513 /* Genres.json */,
				F679201625CC230A00C7CE9C /* AixCategorys */,
				F6D5339D25CB89FC00ABB513 /* Genres */,
				F6A5AC15257F0D150069ED91 /* AFNetworking */,
				F6A5ABE1257F09F60069ED91 /* Main.storyboard */,
				F6A5ABE4257F09F80069ED91 /* Assets.xcassets */,
				F6A5ABE6257F09F80069ED91 /* LaunchScreen.storyboard */,
				F6A5ABE9257F09F80069ED91 /* Info.plist */,
				F6A5AC0E257F0B160069ED91 /* XiamiCollect-Bridging-Header.h */,
			);
			path = XiamiCollect;
			sourceTree = "<group>";
		};
		F6A5ABF1257F09F80069ED91 /* XiamiCollectTests */ = {
			isa = PBXGroup;
			children = (
				F6A5ABF2257F09F80069ED91 /* XiamiCollectTests.swift */,
				F6A5ABF4257F09F80069ED91 /* Info.plist */,
			);
			path = XiamiCollectTests;
			sourceTree = "<group>";
		};
		F6A5ABFC257F09F80069ED91 /* XiamiCollectUITests */ = {
			isa = PBXGroup;
			children = (
				F6A5ABFD257F09F80069ED91 /* XiamiCollectUITests.swift */,
				F6A5ABFF257F09F80069ED91 /* Info.plist */,
			);
			path = XiamiCollectUITests;
			sourceTree = "<group>";
		};
		F6A5AC15257F0D150069ED91 /* AFNetworking */ = {
			isa = PBXGroup;
			children = (
				F6A5AC16257F0D150069ED91 /* AFSecurityPolicy.h */,
				F6A5AC17257F0D150069ED91 /* AFNetworkReachabilityManager.h */,
				F6A5AC18257F0D150069ED91 /* AFURLSessionManager.h */,
				F6A5AC19257F0D150069ED91 /* AFURLRequestSerialization.h */,
				F6A5AC1A257F0D150069ED91 /* AFURLResponseSerialization.m */,
				F6A5AC1B257F0D150069ED91 /* AFHTTPSessionManager.m */,
				F6A5AC1C257F0D150069ED91 /* AFURLResponseSerialization.h */,
				F6A5AC1D257F0D150069ED91 /* AFURLSessionManager.m */,
				F6A5AC1E257F0D150069ED91 /* AFURLRequestSerialization.m */,
				F6A5AC1F257F0D150069ED91 /* AFNetworking.h */,
				F6A5AC20257F0D150069ED91 /* AFNetworkReachabilityManager.m */,
				F6A5AC21257F0D150069ED91 /* AFSecurityPolicy.m */,
				F6A5AC22257F0D150069ED91 /* AFCompatibilityMacros.h */,
				F6A5AC23257F0D150069ED91 /* AFHTTPSessionManager.h */,
			);
			path = AFNetworking;
			sourceTree = "<group>";
		};
		F6D5339D25CB89FC00ABB513 /* Genres */ = {
			isa = PBXGroup;
			children = (
				F6D5339E25CB8A3900ABB513 /* GenresWebController.h */,
				F6D5339F25CB8A3900ABB513 /* GenresWebController.m */,
				F6D533A025CB8A3900ABB513 /* GenresWebController.xib */,
			);
			path = Genres;
			sourceTree = "<group>";
		};
		F6D533CA25CB9DEA00ABB513 /* Frameworks */ = {
			isa = PBXGroup;
			children = (
				F6D533D025CB9E0700ABB513 /* libcryptex.tbd */,
				F6D533CB25CB9DEB00ABB513 /* CryptoKit.framework */,
			);
			name = Frameworks;
			sourceTree = "<group>";
		};
/* End PBXGroup section */

/* Begin PBXNativeTarget section */
		F6A5ABD7257F09F60069ED91 /* XiamiCollect */ = {
			isa = PBXNativeTarget;
			buildConfigurationList = F6A5AC02257F09F80069ED91 /* Build configuration list for PBXNativeTarget "XiamiCollect" */;
			buildPhases = (
				F6A5ABD4257F09F60069ED91 /* Sources */,
				F6A5ABD5257F09F60069ED91 /* Frameworks */,
				F6A5ABD6257F09F60069ED91 /* Resources */,
			);
			buildRules = (
			);
			dependencies = (
			);
			name = XiamiCollect;
			productName = XiamiCollect;
			productReference = F6A5ABD8257F09F60069ED91 /* XiamiCollect.app */;
			productType = "com.apple.product-type.application";
		};
		F6A5ABED257F09F80069ED91 /* XiamiCollectTests */ = {
			isa = PBXNativeTarget;
			buildConfigurationList = F6A5AC05257F09F80069ED91 /* Build configuration list for PBXNativeTarget "XiamiCollectTests" */;
			buildPhases = (
				F6A5ABEA257F09F80069ED91 /* Sources */,
				F6A5ABEB257F09F80069ED91 /* Frameworks */,
				F6A5ABEC257F09F80069ED91 /* Resources */,
			);
			buildRules = (
			);
			dependencies = (
				F6A5ABF0257F09F80069ED91 /* PBXTargetDependency */,
			);
			name = XiamiCollectTests;
			productName = XiamiCollectTests;
			productReference = F6A5ABEE257F09F80069ED91 /* XiamiCollectTests.xctest */;
			productType = "com.apple.product-type.bundle.unit-test";
		};
		F6A5ABF8257F09F80069ED91 /* XiamiCollectUITests */ = {
			isa = PBXNativeTarget;
			buildConfigurationList = F6A5AC08257F09F80069ED91 /* Build configuration list for PBXNativeTarget "XiamiCollectUITests" */;
			buildPhases = (
				F6A5ABF5257F09F80069ED91 /* Sources */,
				F6A5ABF6257F09F80069ED91 /* Frameworks */,
				F6A5ABF7257F09F80069ED91 /* Resources */,
			);
			buildRules = (
			);
			dependencies = (
				F6A5ABFB257F09F80069ED91 /* PBXTargetDependency */,
			);
			name = XiamiCollectUITests;
			productName = XiamiCollectUITests;
			productReference = F6A5ABF9257F09F80069ED91 /* XiamiCollectUITests.xctest */;
			productType = "com.apple.product-type.bundle.ui-testing";
		};
/* End PBXNativeTarget section */

/* Begin PBXProject section */
		F6A5ABD0257F09F60069ED91 /* Project object */ = {
			isa = PBXProject;
			attributes = {
				LastSwiftUpdateCheck = 1220;
				LastUpgradeCheck = 1220;
				TargetAttributes = {
					F6A5ABD7257F09F60069ED91 = {
						CreatedOnToolsVersion = 12.2;
						LastSwiftMigration = 1220;
					};
					F6A5ABED257F09F80069ED91 = {
						CreatedOnToolsVersion = 12.2;
						TestTargetID = F6A5ABD7257F09F60069ED91;
					};
					F6A5ABF8257F09F80069ED91 = {
						CreatedOnToolsVersion = 12.2;
						TestTargetID = F6A5ABD7257F09F60069ED91;
					};
				};
			};
			buildConfigurationList = F6A5ABD3257F09F60069ED91 /* Build configuration list for PBXProject "XiaMiCollect" */;
			compatibilityVersion = "Xcode 9.3";
			developmentRegion = en;
			hasScannedForEncodings = 0;
			knownRegions = (
				en,
				Base,
			);
			mainGroup = F6A5ABCF257F09F60069ED91;
			productRefGroup = F6A5ABD9257F09F60069ED91 /* Products */;
			projectDirPath = "";
			projectRoot = "";
			targets = (
				F6A5ABD7257F09F60069ED91 /* XiamiCollect */,
				F6A5ABED257F09F80069ED91 /* XiamiCollectTests */,
				F6A5ABF8257F09F80069ED91 /* XiamiCollectUITests */,
			);
		};
/* End PBXProject section */

/* Begin PBXResourcesBuildPhase section */
		F6A5ABD6257F09F60069ED91 /* Resources */ = {
			isa = PBXResourcesBuildPhase;
			buildActionMask = 2147483647;
			files = (
				F6D533A225CB8A3900ABB513 /* GenresWebController.xib in Resources */,
				F6A5ABE8257F09F80069ED91 /* LaunchScreen.storyboard in Resources */,
				F6A5ABE5257F09F80069ED91 /* Assets.xcassets in Resources */,
				F6D5340625CBD73000ABB513 /* Genres.json in Resources */,
				F6A5ABE3257F09F60069ED91 /* Main.storyboard in Resources */,
				F6C7F23F25CEBBC1007FABA8 /* FavoriteSongsVC.xib in Resources */,
				F6A13B2B25D6218400FDC019 /* PlaylistsViewController.xib in Resources */,
				F670C61325A549720068CA33 /* collectResult.json in Resources */,
				F6DE7D8D25CF1D5B00DCEF9F /* collectString.json in Resources */,
			);
			runOnlyForDeploymentPostprocessing = 0;
		};
		F6A5ABEC257F09F80069ED91 /* Resources */ = {
			isa = PBXResourcesBuildPhase;
			buildActionMask = 2147483647;
			files = (
			);
			runOnlyForDeploymentPostprocessing = 0;
		};
		F6A5ABF7257F09F80069ED91 /* Resources */ = {
			isa = PBXResourcesBuildPhase;
			buildActionMask = 2147483647;
			files = (
			);
			runOnlyForDeploymentPostprocessing = 0;
		};
/* End PBXResourcesBuildPhase section */

/* Begin PBXSourcesBuildPhase section */
		F6A5ABD4257F09F60069ED91 /* Sources */ = {
			isa = PBXSourcesBuildPhase;
			buildActionMask = 2147483647;
			files = (
				F679207125CC230B00C7CE9C /* NSDictionary+AixCategory.m in Sources */,
				F679207025CC230B00C7CE9C /* NSMutableArray+AixCategory.m in Sources */,
				F679206D25CC230B00C7CE9C /* NSData+AixCategory.m in Sources */,
				F679207225CC230B00C7CE9C /* NSArray+AixCategory.m in Sources */,
				F679205F25CC230B00C7CE9C /* UIBarButtonItem+AixCatrgory.m in Sources */,
				F679206825CC230B00C7CE9C /* UIViewController+AixCategory.m in Sources */,
				F6A5ABE0257F09F60069ED91 /* ViewController.swift in Sources */,
				F679206425CC230B00C7CE9C /* UIDevice+AixCategory.m in Sources */,
				F6A5AC28257F0D150069ED91 /* AFNetworkReachabilityManager.m in Sources */,
				F60B9B59258B668F00AAB167 /* SongDownloader.m in Sources */,
				F679206B25CC230B00C7CE9C /* NSBundle+AixCategory.m in Sources */,
				F679207425CC230B00C7CE9C /* AixDebugLog.m in Sources */,
				F679206725CC230B00C7CE9C /* UIApplication+AixCategory.m in Sources */,
				F679207625CC230B00C7CE9C /* GTMBase64.m in Sources */,
				F679206125CC230B00C7CE9C /* UIActionSheet+AixCategory.m in Sources */,
				F679206025CC230B00C7CE9C /* UIColor+AixCategory.m in Sources */,
				F6A5ABDC257F09F60069ED91 /* AppDelegate.swift in Sources */,
				F679207525CC230B00C7CE9C /* CALayer+AixCategory.m in Sources */,
				F6A5AC11257F0B160069ED91 /* CollectRequest.m in Sources */,
				F679206F25CC230B00C7CE9C /* NSNumber+AixCategory.m in Sources */,
				F679206225CC230B00C7CE9C /* UIControl+AixCategory.m in Sources */,
				F679206925CC230B00C7CE9C /* AixButton.m in Sources */,
				F679206E25CC230B00C7CE9C /* NSDate+AixCategory.m in Sources */,
				F6A5AC26257F0D150069ED91 /* AFURLSessionManager.m in Sources */,
				F6A5AC25257F0D150069ED91 /* AFHTTPSessionManager.m in Sources */,
				F6A5AC29257F0D150069ED91 /* AFSecurityPolicy.m in Sources */,
				F679207325CC230B00C7CE9C /* NSString+AixCategory.m in Sources */,
				F679206625CC230B00C7CE9C /* UIView+AixCategory.m in Sources */,
				F679205E25CC230B00C7CE9C /* UIImage+AixCategory.m in Sources */,
				F6A13B3125D6B05C00FDC019 /* PlaylistsDownloader.m in Sources */,
				F679205A25CC230B00C7CE9C /* UIGestureRecognizer+AixCategory.m in Sources */,
				F679206525CC230B00C7CE9C /* UIImageView+AixCategory.m in Sources */,
				F679205C25CC230B00C7CE9C /* UILabel+AixCategory.m in Sources */,
				F6A13B2A25D6218400FDC019 /* PlaylistsViewController.m in Sources */,
				F6D533A125CB8A3900ABB513 /* GenresWebController.m in Sources */,
				F679205D25CC230B00C7CE9C /* UIButton+AixCategory.m in Sources */,
				F679206C25CC230B00C7CE9C /* NSMutableDictionary+AixCategory.m in Sources */,
				F6A5ABDE257F09F60069ED91 /* SceneDelegate.swift in Sources */,
				F679206325CC230B00C7CE9C /* UIWindow+AixCategory.m in Sources */,
				F6EB8CB725AD99E40039029E /* PlaylistMatch.m in Sources */,
				F6C7F23E25CEBBC1007FABA8 /* FavoriteSongsVC.swift in Sources */,
				F679205B25CC230B00C7CE9C /* UINavigationController+AixCategory.m in Sources */,
				F6A5AC24257F0D150069ED91 /* AFURLResponseSerialization.m in Sources */,
				F679206A25CC230B00C7CE9C /* UIScrollView+AixCategory.m in Sources */,
				F6A5AC27257F0D150069ED91 /* AFURLRequestSerialization.m in Sources */,
			);
			runOnlyForDeploymentPostprocessing = 0;
		};
		F6A5ABEA257F09F80069ED91 /* Sources */ = {
			isa = PBXSourcesBuildPhase;
			buildActionMask = 2147483647;
			files = (
				F6A5ABF3257F09F80069ED91 /* XiamiCollectTests.swift in Sources */,
			);
			runOnlyForDeploymentPostprocessing = 0;
		};
		F6A5ABF5257F09F80069ED91 /* Sources */ = {
			isa = PBXSourcesBuildPhase;
			buildActionMask = 2147483647;
			files = (
				F6A5ABFE257F09F80069ED91 /* XiamiCollectUITests.swift in Sources */,
			);
			runOnlyForDeploymentPostprocessing = 0;
		};
/* End PBXSourcesBuildPhase section */

/* Begin PBXTargetDependency section */
		F6A5ABF0257F09F80069ED91 /* PBXTargetDependency */ = {
			isa = PBXTargetDependency;
			target = F6A5ABD7257F09F60069ED91 /* XiamiCollect */;
			targetProxy = F6A5ABEF257F09F80069ED91 /* PBXContainerItemProxy */;
		};
		F6A5ABFB257F09F80069ED91 /* PBXTargetDependency */ = {
			isa = PBXTargetDependency;
			target = F6A5ABD7257F09F60069ED91 /* XiamiCollect */;
			targetProxy = F6A5ABFA257F09F80069ED91 /* PBXContainerItemProxy */;
		};
/* End PBXTargetDependency section */

/* Begin PBXVariantGroup section */
		F6A5ABE1257F09F60069ED91 /* Main.storyboard */ = {
			isa = PBXVariantGroup;
			children = (
				F6A5ABE2257F09F60069ED91 /* Base */,
			);
			name = Main.storyboard;
			sourceTree = "<group>";
		};
		F6A5ABE6257F09F80069ED91 /* LaunchScreen.storyboard */ = {
			isa = PBXVariantGroup;
			children = (
				F6A5ABE7257F09F80069ED91 /* Base */,
			);
			name = LaunchScreen.storyboard;
			sourceTree = "<group>";
		};
/* End PBXVariantGroup section */

/* Begin XCBuildConfiguration section */
		F6A5AC00257F09F80069ED91 /* Debug */ = {
			isa = XCBuildConfiguration;
			buildSettings = {
				ALWAYS_SEARCH_USER_PATHS = NO;
				CLANG_ALLOW_NON_MODULAR_INCLUDES_IN_FRAMEWORK_MODULES = NO;
				CLANG_ANALYZER_NONNULL = YES;
				CLANG_ANALYZER_NUMBER_OBJECT_CONVERSION = YES_AGGRESSIVE;
				CLANG_CXX_LANGUAGE_STANDARD = "gnu++14";
				CLANG_CXX_LIBRARY = "libc++";
				CLANG_ENABLE_MODULES = YES;
				CLANG_ENABLE_OBJC_ARC = YES;
				CLANG_ENABLE_OBJC_WEAK = YES;
				CLANG_WARN_BLOCK_CAPTURE_AUTORELEASING = YES;
				CLANG_WARN_BOOL_CONVERSION = YES;
				CLANG_WARN_COMMA = YES;
				CLANG_WARN_CONSTANT_CONVERSION = YES;
				CLANG_WARN_DEPRECATED_OBJC_IMPLEMENTATIONS = YES;
				CLANG_WARN_DIRECT_OBJC_ISA_USAGE = YES_ERROR;
				CLANG_WARN_DOCUMENTATION_COMMENTS = YES;
				CLANG_WARN_EMPTY_BODY = YES;
				CLANG_WARN_ENUM_CONVERSION = YES;
				CLANG_WARN_INFINITE_RECURSION = YES;
				CLANG_WARN_INT_CONVERSION = YES;
				CLANG_WARN_NON_LITERAL_NULL_CONVERSION = YES;
				CLANG_WARN_OBJC_IMPLICIT_RETAIN_SELF = YES;
				CLANG_WARN_OBJC_LITERAL_CONVERSION = YES;
				CLANG_WARN_OBJC_ROOT_CLASS = YES_ERROR;
				CLANG_WARN_QUOTED_INCLUDE_IN_FRAMEWORK_HEADER = YES;
				CLANG_WARN_RANGE_LOOP_ANALYSIS = YES;
				CLANG_WARN_STRICT_PROTOTYPES = YES;
				CLANG_WARN_SUSPICIOUS_MOVE = YES;
				CLANG_WARN_UNGUARDED_AVAILABILITY = YES_AGGRESSIVE;
				CLANG_WARN_UNREACHABLE_CODE = YES;
				CLANG_WARN__DUPLICATE_METHOD_MATCH = YES;
				COPY_PHASE_STRIP = NO;
				DEBUG_INFORMATION_FORMAT = dwarf;
				ENABLE_STRICT_OBJC_MSGSEND = YES;
				ENABLE_TESTABILITY = YES;
				GCC_C_LANGUAGE_STANDARD = gnu11;
				GCC_DYNAMIC_NO_PIC = NO;
				GCC_NO_COMMON_BLOCKS = YES;
				GCC_OPTIMIZATION_LEVEL = 0;
				GCC_PREPROCESSOR_DEFINITIONS = (
					"DEBUG=1",
					"$(inherited)",
				);
				GCC_WARN_64_TO_32_BIT_CONVERSION = YES;
				GCC_WARN_ABOUT_RETURN_TYPE = YES_ERROR;
				GCC_WARN_UNDECLARED_SELECTOR = YES;
				GCC_WARN_UNINITIALIZED_AUTOS = YES_AGGRESSIVE;
				GCC_WARN_UNUSED_FUNCTION = YES;
				GCC_WARN_UNUSED_VARIABLE = YES;
				IPHONEOS_DEPLOYMENT_TARGET = 14.2;
				MTL_ENABLE_DEBUG_INFO = INCLUDE_SOURCE;
				MTL_FAST_MATH = YES;
				ONLY_ACTIVE_ARCH = YES;
				SDKROOT = iphoneos;
				SWIFT_ACTIVE_COMPILATION_CONDITIONS = DEBUG;
				SWIFT_OPTIMIZATION_LEVEL = "-Onone";
			};
			name = Debug;
		};
		F6A5AC01257F09F80069ED91 /* Release */ = {
			isa = XCBuildConfiguration;
			buildSettings = {
				ALWAYS_SEARCH_USER_PATHS = NO;
				CLANG_ALLOW_NON_MODULAR_INCLUDES_IN_FRAMEWORK_MODULES = NO;
				CLANG_ANALYZER_NONNULL = YES;
				CLANG_ANALYZER_NUMBER_OBJECT_CONVERSION = YES_AGGRESSIVE;
				CLANG_CXX_LANGUAGE_STANDARD = "gnu++14";
				CLANG_CXX_LIBRARY = "libc++";
				CLANG_ENABLE_MODULES = YES;
				CLANG_ENABLE_OBJC_ARC = YES;
				CLANG_ENABLE_OBJC_WEAK = YES;
				CLANG_WARN_BLOCK_CAPTURE_AUTORELEASING = YES;
				CLANG_WARN_BOOL_CONVERSION = YES;
				CLANG_WARN_COMMA = YES;
				CLANG_WARN_CONSTANT_CONVERSION = YES;
				CLANG_WARN_DEPRECATED_OBJC_IMPLEMENTATIONS = YES;
				CLANG_WARN_DIRECT_OBJC_ISA_USAGE = YES_ERROR;
				CLANG_WARN_DOCUMENTATION_COMMENTS = YES;
				CLANG_WARN_EMPTY_BODY = YES;
				CLANG_WARN_ENUM_CONVERSION = YES;
				CLANG_WARN_INFINITE_RECURSION = YES;
				CLANG_WARN_INT_CONVERSION = YES;
				CLANG_WARN_NON_LITERAL_NULL_CONVERSION = YES;
				CLANG_WARN_OBJC_IMPLICIT_RETAIN_SELF = YES;
				CLANG_WARN_OBJC_LITERAL_CONVERSION = YES;
				CLANG_WARN_OBJC_ROOT_CLASS = YES_ERROR;
				CLANG_WARN_QUOTED_INCLUDE_IN_FRAMEWORK_HEADER = YES;
				CLANG_WARN_RANGE_LOOP_ANALYSIS = YES;
				CLANG_WARN_STRICT_PROTOTYPES = YES;
				CLANG_WARN_SUSPICIOUS_MOVE = YES;
				CLANG_WARN_UNGUARDED_AVAILABILITY = YES_AGGRESSIVE;
				CLANG_WARN_UNREACHABLE_CODE = YES;
				CLANG_WARN__DUPLICATE_METHOD_MATCH = YES;
				COPY_PHASE_STRIP = NO;
				DEBUG_INFORMATION_FORMAT = "dwarf-with-dsym";
				ENABLE_NS_ASSERTIONS = NO;
				ENABLE_STRICT_OBJC_MSGSEND = YES;
				GCC_C_LANGUAGE_STANDARD = gnu11;
				GCC_NO_COMMON_BLOCKS = YES;
				GCC_WARN_64_TO_32_BIT_CONVERSION = YES;
				GCC_WARN_ABOUT_RETURN_TYPE = YES_ERROR;
				GCC_WARN_UNDECLARED_SELECTOR = YES;
				GCC_WARN_UNINITIALIZED_AUTOS = YES_AGGRESSIVE;
				GCC_WARN_UNUSED_FUNCTION = YES;
				GCC_WARN_UNUSED_VARIABLE = YES;
				IPHONEOS_DEPLOYMENT_TARGET = 14.2;
				MTL_ENABLE_DEBUG_INFO = NO;
				MTL_FAST_MATH = YES;
				SDKROOT = iphoneos;
				SWIFT_COMPILATION_MODE = wholemodule;
				SWIFT_OPTIMIZATION_LEVEL = "-O";
				VALIDATE_PRODUCT = YES;
			};
			name = Release;
		};
		F6A5AC03257F09F80069ED91 /* Debug */ = {
			isa = XCBuildConfiguration;
			buildSettings = {
				ASSETCATALOG_COMPILER_APPICON_NAME = AppIcon;
				ASSETCATALOG_COMPILER_GLOBAL_ACCENT_COLOR_NAME = AccentColor;
				CLANG_ALLOW_NON_MODULAR_INCLUDES_IN_FRAMEWORK_MODULES = NO;
				CLANG_ENABLE_MODULES = YES;
				CODE_SIGN_IDENTITY = "Apple Development";
				CODE_SIGN_STYLE = Automatic;
				DEVELOPMENT_TEAM = 5HBZKTVHGQ;
				INFOPLIST_FILE = XiamiCollect/Info.plist;
				IPHONEOS_DEPLOYMENT_TARGET = 10.0;
				LD_RUNPATH_SEARCH_PATHS = (
					"$(inherited)",
					"@executable_path/Frameworks",
				);
				PRODUCT_BUNDLE_IDENTIFIER = com.AixCoder.XiamiCollect;
				PRODUCT_NAME = "$(TARGET_NAME)";
				PROVISIONING_PROFILE_SPECIFIER = "";
				SWIFT_OBJC_BRIDGING_HEADER = "XiamiCollect/XiamiCollect-Bridging-Header.h";
				SWIFT_OPTIMIZATION_LEVEL = "-Onone";
				SWIFT_VERSION = 5.0;
				TARGETED_DEVICE_FAMILY = "1,2";
			};
			name = Debug;
		};
		F6A5AC04257F09F80069ED91 /* Release */ = {
			isa = XCBuildConfiguration;
			buildSettings = {
				ASSETCATALOG_COMPILER_APPICON_NAME = AppIcon;
				ASSETCATALOG_COMPILER_GLOBAL_ACCENT_COLOR_NAME = AccentColor;
				CLANG_ALLOW_NON_MODULAR_INCLUDES_IN_FRAMEWORK_MODULES = NO;
				CLANG_ENABLE_MODULES = YES;
				CODE_SIGN_IDENTITY = "Apple Development";
				CODE_SIGN_STYLE = Automatic;
				DEVELOPMENT_TEAM = 5HBZKTVHGQ;
				INFOPLIST_FILE = XiamiCollect/Info.plist;
				IPHONEOS_DEPLOYMENT_TARGET = 10.0;
				LD_RUNPATH_SEARCH_PATHS = (
					"$(inherited)",
					"@executable_path/Frameworks",
				);
				PRODUCT_BUNDLE_IDENTIFIER = com.AixCoder.XiamiCollect;
				PRODUCT_NAME = "$(TARGET_NAME)";
				PROVISIONING_PROFILE_SPECIFIER = "";
				SWIFT_OBJC_BRIDGING_HEADER = "XiamiCollect/XiamiCollect-Bridging-Header.h";
				SWIFT_VERSION = 5.0;
				TARGETED_DEVICE_FAMILY = "1,2";
			};
			name = Release;
		};
		F6A5AC06257F09F80069ED91 /* Debug */ = {
			isa = XCBuildConfiguration;
			buildSettings = {
				ALWAYS_EMBED_SWIFT_STANDARD_LIBRARIES = YES;
				BUNDLE_LOADER = "$(TEST_HOST)";
				CODE_SIGN_STYLE = Automatic;
				DEVELOPMENT_TEAM = 5HBZKTVHGQ;
				INFOPLIST_FILE = XiamiCollectTests/Info.plist;
				IPHONEOS_DEPLOYMENT_TARGET = 14.2;
				LD_RUNPATH_SEARCH_PATHS = (
					"$(inherited)",
					"@executable_path/Frameworks",
					"@loader_path/Frameworks",
				);
				PRODUCT_BUNDLE_IDENTIFIER = com.AixCoder.XiamiCollectTests;
				PRODUCT_NAME = "$(TARGET_NAME)";
				SWIFT_VERSION = 5.0;
				TARGETED_DEVICE_FAMILY = "1,2";
				TEST_HOST = "$(BUILT_PRODUCTS_DIR)/XiamiCollect.app/XiamiCollect";
			};
			name = Debug;
		};
		F6A5AC07257F09F80069ED91 /* Release */ = {
			isa = XCBuildConfiguration;
			buildSettings = {
				ALWAYS_EMBED_SWIFT_STANDARD_LIBRARIES = YES;
				BUNDLE_LOADER = "$(TEST_HOST)";
				CODE_SIGN_STYLE = Automatic;
				DEVELOPMENT_TEAM = 5HBZKTVHGQ;
				INFOPLIST_FILE = XiamiCollectTests/Info.plist;
				IPHONEOS_DEPLOYMENT_TARGET = 14.2;
				LD_RUNPATH_SEARCH_PATHS = (
					"$(inherited)",
					"@executable_path/Frameworks",
					"@loader_path/Frameworks",
				);
				PRODUCT_BUNDLE_IDENTIFIER = com.AixCoder.XiamiCollectTests;
				PRODUCT_NAME = "$(TARGET_NAME)";
				SWIFT_VERSION = 5.0;
				TARGETED_DEVICE_FAMILY = "1,2";
				TEST_HOST = "$(BUILT_PRODUCTS_DIR)/XiamiCollect.app/XiamiCollect";
			};
			name = Release;
		};
		F6A5AC09257F09F80069ED91 /* Debug */ = {
			isa = XCBuildConfiguration;
			buildSettings = {
				ALWAYS_EMBED_SWIFT_STANDARD_LIBRARIES = YES;
				CODE_SIGN_STYLE = Automatic;
				DEVELOPMENT_TEAM = 5HBZKTVHGQ;
				INFOPLIST_FILE = XiamiCollectUITests/Info.plist;
				LD_RUNPATH_SEARCH_PATHS = (
					"$(inherited)",
					"@executable_path/Frameworks",
					"@loader_path/Frameworks",
				);
				PRODUCT_BUNDLE_IDENTIFIER = com.AixCoder.XiamiCollectUITests;
				PRODUCT_NAME = "$(TARGET_NAME)";
				SWIFT_VERSION = 5.0;
				TARGETED_DEVICE_FAMILY = "1,2";
				TEST_TARGET_NAME = XiamiCollect;
			};
			name = Debug;
		};
		F6A5AC0A257F09F80069ED91 /* Release */ = {
			isa = XCBuildConfiguration;
			buildSettings = {
				ALWAYS_EMBED_SWIFT_STANDARD_LIBRARIES = YES;
				CODE_SIGN_STYLE = Automatic;
				DEVELOPMENT_TEAM = 5HBZKTVHGQ;
				INFOPLIST_FILE = XiamiCollectUITests/Info.plist;
				LD_RUNPATH_SEARCH_PATHS = (
					"$(inherited)",
					"@executable_path/Frameworks",
					"@loader_path/Frameworks",
				);
				PRODUCT_BUNDLE_IDENTIFIER = com.AixCoder.XiamiCollectUITests;
				PRODUCT_NAME = "$(TARGET_NAME)";
				SWIFT_VERSION = 5.0;
				TARGETED_DEVICE_FAMILY = "1,2";
				TEST_TARGET_NAME = XiamiCollect;
			};
			name = Release;
		};
/* End XCBuildConfiguration section */

/* Begin XCConfigurationList section */
		F6A5ABD3257F09F60069ED91 /* Build configuration list for PBXProject "XiaMiCollect" */ = {
			isa = XCConfigurationList;
			buildConfigurations = (
				F6A5AC00257F09F80069ED91 /* Debug */,
				F6A5AC01257F09F80069ED91 /* Release */,
			);
			defaultConfigurationIsVisible = 0;
			defaultConfigurationName = Release;
		};
		F6A5AC02257F09F80069ED91 /* Build configuration list for PBXNativeTarget "XiamiCollect" */ = {
			isa = XCConfigurationList;
			buildConfigurations = (
				F6A5AC03257F09F80069ED91 /* Debug */,
				F6A5AC04257F09F80069ED91 /* Release */,
			);
			defaultConfigurationIsVisible = 0;
			defaultConfigurationName = Release;
		};
		F6A5AC05257F09F80069ED91 /* Build configuration list for PBXNativeTarget "XiamiCollectTests" */ = {
			isa = XCConfigurationList;
			buildConfigurations = (
				F6A5AC06257F09F80069ED91 /* Debug */,
				F6A5AC07257F09F80069ED91 /* Release */,
			);
			defaultConfigurationIsVisible = 0;
			defaultConfigurationName = Release;
		};
		F6A5AC08257F09F80069ED91 /* Build configuration list for PBXNativeTarget "XiamiCollectUITests" */ = {
			isa = XCConfigurationList;
			buildConfigurations = (
				F6A5AC09257F09F80069ED91 /* Debug */,
				F6A5AC0A257F09F80069ED91 /* Release */,
			);
			defaultConfigurationIsVisible = 0;
			defaultConfigurationName = Release;
		};
/* End XCConfigurationList section */
	};
	rootObject = F6A5ABD0257F09F60069ED91 /* Project object */;
}
